# This file is automatically @generated by Cargo.
# It is not intended for manual editing.
version = 4

[[package]]
name = "ctpbuddy-ledger"
version = "0.1.0"
dependencies = [
 "ctpbuddy-market",
 "ctpbuddy-matching",
 "ctpbuddy-wire",
]

[[package]]
name = "ctpbuddy-market"
version = "0.1.0"
dependencies = [
 "ctpbuddy-wire",
]

[[package]]
name = "ctpbuddy-matching"
version = "0.1.0"
dependencies = [
 "ctpbuddy-market",
 "ctpbuddy-wire",
]

[[package]]
name = "ctpbuddy-server"
version = "0.1.0"
dependencies = [
 "ctpbuddy-ledger",
 "ctpbuddy-market",
 "ctpbuddy-matching",
 "ctpbuddy-wire",
]

[[package]]
name = "ctpbuddy-wire"
version = "0.1.0"
